
Microsoft Visual Studio Solution File, Format Version 12.00
# Visual Studio Version 17
VisualStudioVersion = 17.5.33530.505
MinimumVisualStudioVersion = 10.0.40219.1
Project("{FAE04EC0-301F-11D3-BF4B-00C04F79EFBC}") = "calculadora.Android", "calculadora\calculadora.Android\calculadora.Android.csproj", "{216EABDC-2D27-4DCB-AD5E-11835E21D6FC}"
EndProject
Project("{FAE04EC0-301F-11D3-BF4B-00C04F79EFBC}") = "calculadora.iOS", "calculadora\calculadora.iOS\calculadora.iOS.csproj", "{0BFD02E5-511B-4A3B-BCDA-68CA96795C6D}"
EndProject
Project("{FAE04EC0-301F-11D3-BF4B-00C04F79EFBC}") = "calculadora", "calculadora\calculadora\calculadora.csproj", "{62F972B2-61F1-4E66-B118-DD63E8D1CB3E}"
EndProject
Global
	GlobalSection(SolutionConfigurationPlatforms) = preSolution
		Debug|Any CPU = Debug|Any CPU
		Debug|iPhone = Debug|iPhone
		Debug|iPhoneSimulator = Debug|iPhoneSimulator
		Release|Any CPU = Release|Any CPU
		Release|iPhone = Release|iPhone
		Release|iPhoneSimulator = Release|iPhoneSimulator
	EndGlobalSection
	GlobalSection(ProjectConfigurationPlatforms) = postSolution
		{216EABDC-2D27-4DCB-AD5E-11835E21D6FC}.Debug|Any CPU.ActiveCfg = Debug|Any CPU
		{216EABDC-2D27-4DCB-AD5E-11835E21D6FC}.Debug|Any CPU.Build.0 = Debug|Any CPU
		{216EABDC-2D27-4DCB-AD5E-11835E21D6FC}.Debug|Any CPU.Deploy.0 = Debug|Any CPU
		{216EABDC-2D27-4DCB-AD5E-11835E21D6FC}.Debug|iPhone.ActiveCfg = Debug|Any CPU
		{216EABDC-2D27-4DCB-AD5E-11835E21D6FC}.Debug|iPhone.Build.0 = Debug|Any CPU
		{216EABDC-2D27-4DCB-AD5E-11835E21D6FC}.Debug|iPhone.Deploy.0 = Debug|Any CPU
		{216EABDC-2D27-4DCB-AD5E-11835E21D6FC}.Debug|iPhoneSimulator.ActiveCfg = Debug|Any CPU
		{216EABDC-2D27-4DCB-AD5E-11835E21D6FC}.Debug|iPhoneSimulator.Build.0 = Debug|Any CPU
		{216EABDC-2D27-4DCB-AD5E-11835E21D6FC}.Debug|iPhoneSimulator.Deploy.0 = Debug|Any CPU
		{216EABDC-2D27-4DCB-AD5E-11835E21D6FC}.Release|Any CPU.ActiveCfg = Release|Any CPU
		{216EABDC-2D27-4DCB-AD5E-11835E21D6FC}.Release|Any CPU.Build.0 = Release|Any CPU
		{216EABDC-2D27-4DCB-AD5E-11835E21D6FC}.Release|Any CPU.Deploy.0 = Release|Any CPU
		{216EABDC-2D27-4DCB-AD5E-11835E21D6FC}.Release|iPhone.ActiveCfg = Release|Any CPU
		{216EABDC-2D27-4DCB-AD5E-11835E21D6FC}.Release|iPhone.Build.0 = Release|Any CPU
		{216EABDC-2D27-4DCB-AD5E-11835E21D6FC}.Release|iPhone.Deploy.0 = Release|Any CPU
		{216EABDC-2D27-4DCB-AD5E-11835E21D6FC}.Release|iPhoneSimulator.ActiveCfg = Release|Any CPU
		{216EABDC-2D27-4DCB-AD5E-11835E21D6FC}.Release|iPhoneSimulator.Build.0 = Release|Any CPU
		{216EABDC-2D27-4DCB-AD5E-11835E21D6FC}.Release|iPhoneSimulator.Deploy.0 = Release|Any CPU
		{0BFD02E5-511B-4A3B-BCDA-68CA96795C6D}.Debug|Any CPU.ActiveCfg = Debug|iPhone
		{0BFD02E5-511B-4A3B-BCDA-68CA96795C6D}.Debug|Any CPU.Build.0 = Debug|iPhone
		{0BFD02E5-511B-4A3B-BCDA-68CA96795C6D}.Debug|Any CPU.Deploy.0 = Debug|iPhone
		{0BFD02E5-511B-4A3B-BCDA-68CA96795C6D}.Debug|iPhone.ActiveCfg = Debug|iPhone
		{0BFD02E5-511B-4A3B-BCDA-68CA96795C6D}.Debug|iPhone.Build.0 = Debug|iPhone
		{0BFD02E5-511B-4A3B-BCDA-68CA96795C6D}.Debug|iPhone.Deploy.0 = Debug|iPhone
		{0BFD02E5-511B-4A3B-BCDA-68CA96795C6D}.Debug|iPhoneSimulator.ActiveCfg = Debug|iPhoneSimulator
		{0BFD02E5-511B-4A3B-BCDA-68CA96795C6D}.Debug|iPhoneSimulator.Build.0 = Debug|iPhoneSimulator
		{0BFD02E5-511B-4A3B-BCDA-68CA96795C6D}.Debug|iPhoneSimulator.Deploy.0 = Debug|iPhoneSimulator
		{0BFD02E5-511B-4A3B-BCDA-68CA96795C6D}.Release|Any CPU.ActiveCfg = Release|iPhoneSimulator
		{0BFD02E5-511B-4A3B-BCDA-68CA96795C6D}.Release|Any CPU.Build.0 = Release|iPhoneSimulator
		{0BFD02E5-511B-4A3B-BCDA-68CA96795C6D}.Release|Any CPU.Deploy.0 = Release|iPhoneSimulator
		{0BFD02E5-511B-4A3B-BCDA-68CA96795C6D}.Release|iPhone.ActiveCfg = Release|iPhone
		{0BFD02E5-511B-4A3B-BCDA-68CA96795C6D}.Release|iPhone.Build.0 = Release|iPhone
		{0BFD02E5-511B-4A3B-BCDA-68CA96795C6D}.Release|iPhone.Deploy.0 = Release|iPhone
		{0BFD02E5-511B-4A3B-BCDA-68CA96795C6D}.Release|iPhoneSimulator.ActiveCfg = Release|iPhoneSimulator
		{0BFD02E5-511B-4A3B-BCDA-68CA96795C6D}.Release|iPhoneSimulator.Build.0 = Release|iPhoneSimulator
		{0BFD02E5-511B-4A3B-BCDA-68CA96795C6D}.Release|iPhoneSimulator.Deploy.0 = Release|iPhoneSimulator
		{62F972B2-61F1-4E66-B118-DD63E8D1CB3E}.Debug|Any CPU.ActiveCfg = Debug|Any CPU
		{62F972B2-61F1-4E66-B118-DD63E8D1CB3E}.Debug|Any CPU.Build.0 = Debug|Any CPU
		{62F972B2-61F1-4E66-B118-DD63E8D1CB3E}.Debug|Any CPU.Deploy.0 = Debug|Any CPU
		{62F972B2-61F1-4E66-B118-DD63E8D1CB3E}.Debug|iPhone.ActiveCfg = Debug|Any CPU
		{62F972B2-61F1-4E66-B118-DD63E8D1CB3E}.Debug|iPhone.Build.0 = Debug|Any CPU
		{62F972B2-61F1-4E66-B118-DD63E8D1CB3E}.Debug|iPhone.Deploy.0 = Debug|Any CPU
		{62F972B2-61F1-4E66-B118-DD63E8D1CB3E}.Debug|iPhoneSimulator.ActiveCfg = Debug|Any CPU
		{62F972B2-61F1-4E66-B118-DD63E8D1CB3E}.Debug|iPhoneSimulator.Build.0 = Debug|Any CPU
		{62F972B2-61F1-4E66-B118-DD63E8D1CB3E}.Debug|iPhoneSimulator.Deploy.0 = Debug|Any CPU
		{62F972B2-61F1-4E66-B118-DD63E8D1CB3E}.Release|Any CPU.ActiveCfg = Release|Any CPU
		{62F972B2-61F1-4E66-B118-DD63E8D1CB3E}.Release|Any CPU.Build.0 = Release|Any CPU
		{62F972B2-61F1-4E66-B118-DD63E8D1CB3E}.Release|Any CPU.Deploy.0 = Release|Any CPU
		{62F972B2-61F1-4E66-B118-DD63E8D1CB3E}.Release|iPhone.ActiveCfg = Release|Any CPU
		{62F972B2-61F1-4E66-B118-DD63E8D1CB3E}.Release|iPhone.Build.0 = Release|Any CPU
		{62F972B2-61F1-4E66-B118-DD63E8D1CB3E}.Release|iPhone.Deploy.0 = Release|Any CPU
		{62F972B2-61F1-4E66-B118-DD63E8D1CB3E}.Release|iPhoneSimulator.ActiveCfg = Release|Any CPU
		{62F972B2-61F1-4E66-B118-DD63E8D1CB3E}.Release|iPhoneSimulator.Build.0 = Release|Any CPU
		{62F972B2-61F1-4E66-B118-DD63E8D1CB3E}.Release|iPhoneSimulator.Deploy.0 = Release|Any CPU
	EndGlobalSection
	GlobalSection(SolutionProperties) = preSolution
		HideSolutionNode = FALSE
	EndGlobalSection
	GlobalSection(ExtensibilityGlobals) = postSolution
		SolutionGuid = {9DB53A8E-DAB1-4D75-B0A9-445A6FC558F2}
	EndGlobalSection
EndGlobal
